// !$*UTF8*$!
{
	archiveVersion = 1;
	classes = {
	};
	objectVersion = 50;
	objects = {

/* Begin PBXBuildFile section */
		E93DFB6E240F29BE00D8C892 /* CalculatorAPI.swift in Sources */ = {isa = PBXBuildFile; fileRef = E93DFB6D240F29BE00D8C892 /* CalculatorAPI.swift */; };
		E93DFB72240F2DA200D8C892 /* CalculatorAPITests.swift in Sources */ = {isa = PBXBuildFile; fileRef = E93DFB71240F2DA200D8C892 /* CalculatorAPITests.swift */; };
		E98642A4240F089C006E7959 /* AppDelegate.swift in Sources */ = {isa = PBXBuildFile; fileRef = E98642A3240F089C006E7959 /* AppDelegate.swift */; };
		E98642A6240F089C006E7959 /* SceneDelegate.swift in Sources */ = {isa = PBXBuildFile; fileRef = E98642A5240F089C006E7959 /* SceneDelegate.swift */; };
		E98642AB240F089C006E7959 /* Main.storyboard in Resources */ = {isa = PBXBuildFile; fileRef = E98642A9240F089C006E7959 /* Main.storyboard */; };
		E98642AD240F089E006E7959 /* Assets.xcassets in Resources */ = {isa = PBXBuildFile; fileRef = E98642AC240F089E006E7959 /* Assets.xcassets */; };
		E98642B0240F089E006E7959 /* LaunchScreen.storyboard in Resources */ = {isa = PBXBuildFile; fileRef = E98642AE240F089E006E7959 /* LaunchScreen.storyboard */; };
		E98642CF240F20AD006E7959 /* SumPresenter.swift in Sources */ = {isa = PBXBuildFile; fileRef = E98642C9240F20AD006E7959 /* SumPresenter.swift */; };
		E98642D0240F20AD006E7959 /* SumRouter.swift in Sources */ = {isa = PBXBuildFile; fileRef = E98642CA240F20AD006E7959 /* SumRouter.swift */; };
		E98642D1240F20AD006E7959 /* SumModels.swift in Sources */ = {isa = PBXBuildFile; fileRef = E98642CB240F20AD006E7959 /* SumModels.swift */; };
		E98642D2240F20AD006E7959 /* SumViewController.swift in Sources */ = {isa = PBXBuildFile; fileRef = E98642CC240F20AD006E7959 /* SumViewController.swift */; };
		E98642D3240F20AD006E7959 /* SumInteractor.swift in Sources */ = {isa = PBXBuildFile; fileRef = E98642CD240F20AD006E7959 /* SumInteractor.swift */; };
		E98642D4240F20AD006E7959 /* SumWorkersProcol.swift in Sources */ = {isa = PBXBuildFile; fileRef = E98642CE240F20AD006E7959 /* SumWorkersProcol.swift */; };
/* End PBXBuildFile section */

/* Begin PBXContainerItemProxy section */
		E98642B7240F089E006E7959 /* PBXContainerItemProxy */ = {
			isa = PBXContainerItemProxy;
			containerPortal = E9864298240F089C006E7959 /* Project object */;
			proxyType = 1;
			remoteGlobalIDString = E986429F240F089C006E7959;
			remoteInfo = BeiraDoRio;
		};
/* End PBXContainerItemProxy section */

/* Begin PBXFileReference section */
		E93DFB6D240F29BE00D8C892 /* CalculatorAPI.swift */ = {isa = PBXFileReference; lastKnownFileType = sourcecode.swift; path = CalculatorAPI.swift; sourceTree = "<group>"; };
		E93DFB71240F2DA200D8C892 /* CalculatorAPITests.swift */ = {isa = PBXFileReference; lastKnownFileType = sourcecode.swift; path = CalculatorAPITests.swift; sourceTree = "<group>"; };
		E98642A0240F089C006E7959 /* BeiraDoRio.app */ = {isa = PBXFileReference; explicitFileType = wrapper.application; includeInIndex = 0; path = BeiraDoRio.app; sourceTree = BUILT_PRODUCTS_DIR; };
		E98642A3240F089C006E7959 /* AppDelegate.swift */ = {isa = PBXFileReference; lastKnownFileType = sourcecode.swift; path = AppDelegate.swift; sourceTree = "<group>"; };
		E98642A5240F089C006E7959 /* SceneDelegate.swift */ = {isa = PBXFileReference; lastKnownFileType = sourcecode.swift; path = SceneDelegate.swift; sourceTree = "<group>"; };
		E98642AA240F089C006E7959 /* Base */ = {isa = PBXFileReference; lastKnownFileType = file.storyboard; name = Base; path = Base.lproj/Main.storyboard; sourceTree = "<group>"; };
		E98642AC240F089E006E7959 /* Assets.xcassets */ = {isa = PBXFileReference; lastKnownFileType = folder.assetcatalog; path = Assets.xcassets; sourceTree = "<group>"; };
		E98642AF240F089E006E7959 /* Base */ = {isa = PBXFileReference; lastKnownFileType = file.storyboard; name = Base; path = Base.lproj/LaunchScreen.storyboard; sourceTree = "<group>"; };
		E98642B1240F089E006E7959 /* Info.plist */ = {isa = PBXFileReference; lastKnownFileType = text.plist.xml; path = Info.plist; sourceTree = "<group>"; };
		E98642B6240F089E006E7959 /* BeiraDoRioTests.xctest */ = {isa = PBXFileReference; explicitFileType = wrapper.cfbundle; includeInIndex = 0; path = BeiraDoRioTests.xctest; sourceTree = BUILT_PRODUCTS_DIR; };
		E98642BC240F089E006E7959 /* Info.plist */ = {isa = PBXFileReference; lastKnownFileType = text.plist.xml; path = Info.plist; sourceTree = "<group>"; };
		E98642C9240F20AD006E7959 /* SumPresenter.swift */ = {isa = PBXFileReference; lastKnownFileType = sourcecode.swift; path = SumPresenter.swift; sourceTree = "<group>"; };
		E98642CA240F20AD006E7959 /* SumRouter.swift */ = {isa = PBXFileReference; lastKnownFileType = sourcecode.swift; path = SumRouter.swift; sourceTree = "<group>"; };
		E98642CB240F20AD006E7959 /* SumModels.swift */ = {isa = PBXFileReference; lastKnownFileType = sourcecode.swift; path = SumModels.swift; sourceTree = "<group>"; };
		E98642CC240F20AD006E7959 /* SumViewController.swift */ = {isa = PBXFileReference; lastKnownFileType = sourcecode.swift; path = SumViewController.swift; sourceTree = "<group>"; };
		E98642CD240F20AD006E7959 /* SumInteractor.swift */ = {isa = PBXFileReference; lastKnownFileType = sourcecode.swift; path = SumInteractor.swift; sourceTree = "<group>"; };
		E98642CE240F20AD006E7959 /* SumWorkersProcol.swift */ = {isa = PBXFileReference; lastKnownFileType = sourcecode.swift; path = SumWorkersProcol.swift; sourceTree = "<group>"; };
/* End PBXFileReference section */

/* Begin PBXFrameworksBuildPhase section */
		E986429D240F089C006E7959 /* Frameworks */ = {
			isa = PBXFrameworksBuildPhase;
			buildActionMask = 2147483647;
			files = (
			);
			runOnlyForDeploymentPostprocessing = 0;
		};
		E98642B3240F089E006E7959 /* Frameworks */ = {
			isa = PBXFrameworksBuildPhase;
			buildActionMask = 2147483647;
			files = (
			);
			runOnlyForDeploymentPostprocessing = 0;
		};
/* End PBXFrameworksBuildPhase section */

/* Begin PBXGroup section */
		E93DFB6C240F29AE00D8C892 /* Workers */ = {
			isa = PBXGroup;
			children = (
				E93DFB6D240F29BE00D8C892 /* CalculatorAPI.swift */,
			);
			path = Workers;
			sourceTree = "<group>";
		};
		E93DFB6F240F2D2100D8C892 /* Scenes */ = {
			isa = PBXGroup;
			children = (
				E93DFB70240F2D2800D8C892 /* Sum */,
			);
			path = Scenes;
			sourceTree = "<group>";
		};
		E93DFB70240F2D2800D8C892 /* Sum */ = {
			isa = PBXGroup;
			children = (
				E93DFB71240F2DA200D8C892 /* CalculatorAPITests.swift */,
			);
			path = Sum;
			sourceTree = "<group>";
		};
		E9864297240F089C006E7959 = {
			isa = PBXGroup;
			children = (
				E98642A2240F089C006E7959 /* BeiraDoRio */,
				E98642B9240F089E006E7959 /* BeiraDoRioTests */,
				E98642A1240F089C006E7959 /* Products */,
			);
			sourceTree = "<group>";
		};
		E98642A1240F089C006E7959 /* Products */ = {
			isa = PBXGroup;
			children = (
				E98642A0240F089C006E7959 /* BeiraDoRio.app */,
				E98642B6240F089E006E7959 /* BeiraDoRioTests.xctest */,
			);
			name = Products;
			sourceTree = "<group>";
		};
		E98642A2240F089C006E7959 /* BeiraDoRio */ = {
			isa = PBXGroup;
			children = (
				E93DFB6C240F29AE00D8C892 /* Workers */,
				E98642C5240F116E006E7959 /* Scenes */,
				E98642C8240F11A5006E7959 /* UI */,
				E98642C7240F117B006E7959 /* Resources */,
				E98642A3240F089C006E7959 /* AppDelegate.swift */,
				E98642B1240F089E006E7959 /* Info.plist */,
			);
			path = BeiraDoRio;
			sourceTree = "<group>";
		};
		E98642B9240F089E006E7959 /* BeiraDoRioTests */ = {
			isa = PBXGroup;
			children = (
				E93DFB6F240F2D2100D8C892 /* Scenes */,
				E98642BC240F089E006E7959 /* Info.plist */,
			);
			path = BeiraDoRioTests;
			sourceTree = "<group>";
		};
		E98642C5240F116E006E7959 /* Scenes */ = {
			isa = PBXGroup;
			children = (
				E98642C6240F1172006E7959 /* Sum */,
			);
			path = Scenes;
			sourceTree = "<group>";
		};
		E98642C6240F1172006E7959 /* Sum */ = {
			isa = PBXGroup;
			children = (
				E98642CA240F20AD006E7959 /* SumRouter.swift */,
				E98642CC240F20AD006E7959 /* SumViewController.swift */,
				E98642CD240F20AD006E7959 /* SumInteractor.swift */,
				E98642C9240F20AD006E7959 /* SumPresenter.swift */,
				E98642CE240F20AD006E7959 /* SumWorkersProcol.swift */,
				E98642CB240F20AD006E7959 /* SumModels.swift */,
			);
			path = Sum;
			sourceTree = "<group>";
		};
		E98642C7240F117B006E7959 /* Resources */ = {
			isa = PBXGroup;
			children = (
				E98642AC240F089E006E7959 /* Assets.xcassets */,
			);
			path = Resources;
			sourceTree = "<group>";
		};
		E98642C8240F11A5006E7959 /* UI */ = {
			isa = PBXGroup;
			children = (
				E98642A5240F089C006E7959 /* SceneDelegate.swift */,
				E98642A9240F089C006E7959 /* Main.storyboard */,
				E98642AE240F089E006E7959 /* LaunchScreen.storyboard */,
			);
			path = UI;
			sourceTree = "<group>";
		};
/* End PBXGroup section */

/* Begin PBXNativeTarget section */
		E986429F240F089C006E7959 /* BeiraDoRio */ = {
			isa = PBXNativeTarget;
			buildConfigurationList = E98642BF240F089E006E7959 /* Build configuration list for PBXNativeTarget "BeiraDoRio" */;
			buildPhases = (
				E986429C240F089C006E7959 /* Sources */,
				E986429D240F089C006E7959 /* Frameworks */,
				E986429E240F089C006E7959 /* Resources */,
			);
			buildRules = (
			);
			dependencies = (
			);
			name = BeiraDoRio;
			productName = BeiraDoRio;
			productReference = E98642A0240F089C006E7959 /* BeiraDoRio.app */;
			productType = "com.apple.product-type.application";
		};
		E98642B5240F089E006E7959 /* BeiraDoRioTests */ = {
			isa = PBXNativeTarget;
			buildConfigurationList = E98642C2240F089E006E7959 /* Build configuration list for PBXNativeTarget "BeiraDoRioTests" */;
			buildPhases = (
				E98642B2240F089E006E7959 /* Sources */,
				E98642B3240F089E006E7959 /* Frameworks */,
				E98642B4240F089E006E7959 /* Resources */,
			);
			buildRules = (
			);
			dependencies = (
				E98642B8240F089E006E7959 /* PBXTargetDependency */,
			);
			name = BeiraDoRioTests;
			productName = BeiraDoRioTests;
			productReference = E98642B6240F089E006E7959 /* BeiraDoRioTests.xctest */;
			productType = "com.apple.product-type.bundle.unit-test";
		};
/* End PBXNativeTarget section */

/* Begin PBXProject section */
		E9864298240F089C006E7959 /* Project object */ = {
			isa = PBXProject;
			attributes = {
				LastSwiftUpdateCheck = 1130;
				LastUpgradeCheck = 1130;
				ORGANIZATIONNAME = Tempest;
				TargetAttributes = {
					E986429F240F089C006E7959 = {
						CreatedOnToolsVersion = 11.3.1;
					};
					E98642B5240F089E006E7959 = {
						CreatedOnToolsVersion = 11.3.1;
						LastSwiftMigration = 1130;
						TestTargetID = E986429F240F089C006E7959;
					};
				};
			};
			buildConfigurationList = E986429B240F089C006E7959 /* Build configuration list for PBXProject "BeiraDoRio" */;
			compatibilityVersion = "Xcode 9.3";
			developmentRegion = en;
			hasScannedForEncodings = 0;
			knownRegions = (
				en,
				Base,
			);
			mainGroup = E9864297240F089C006E7959;
			productRefGroup = E98642A1240F089C006E7959 /* Products */;
			projectDirPath = "";
			projectRoot = "";
			targets = (
				E986429F240F089C006E7959 /* BeiraDoRio */,
				E98642B5240F089E006E7959 /* BeiraDoRioTests */,
			);
		};
/* End PBXProject section */

/* Begin PBXResourcesBuildPhase section */
		E986429E240F089C006E7959 /* Resources */ = {
			isa = PBXResourcesBuildPhase;
			buildActionMask = 2147483647;
			files = (
				E98642B0240F089E006E7959 /* LaunchScreen.storyboard in Resources */,
				E98642AD240F089E006E7959 /* Assets.xcassets in Resources */,
				E98642AB240F089C006E7959 /* Main.storyboard in Resources */,
			);
			runOnlyForDeploymentPostprocessing = 0;
		};
		E98642B4240F089E006E7959 /* Resources */ = {
			isa = PBXResourcesBuildPhase;
			buildActionMask = 2147483647;
			files = (
			);
			runOnlyForDeploymentPostprocessing = 0;
		};
/* End PBXResourcesBuildPhase section */

/* Begin PBXSourcesBuildPhase section */
		E986429C240F089C006E7959 /* Sources */ = {
			isa = PBXSourcesBuildPhase;
			buildActionMask = 2147483647;
			files = (
				E98642D1240F20AD006E7959 /* SumModels.swift in Sources */,
				E98642D0240F20AD006E7959 /* SumRouter.swift in Sources */,
				E98642D4240F20AD006E7959 /* SumWorkersProcol.swift in Sources */,
				E98642D3240F20AD006E7959 /* SumInteractor.swift in Sources */,
				E93DFB6E240F29BE00D8C892 /* CalculatorAPI.swift in Sources */,
				E98642D2240F20AD006E7959 /* SumViewController.swift in Sources */,
				E98642A4240F089C006E7959 /* AppDelegate.swift in Sources */,
				E98642CF240F20AD006E7959 /* SumPresenter.swift in Sources */,
				E98642A6240F089C006E7959 /* SceneDelegate.swift in Sources */,
			);
			runOnlyForDeploymentPostprocessing = 0;
		};
		E98642B2240F089E006E7959 /* Sources */ = {
			isa = PBXSourcesBuildPhase;
			buildActionMask = 2147483647;
			files = (
				E93DFB72240F2DA200D8C892 /* CalculatorAPITests.swift in Sources */,
			);
			runOnlyForDeploymentPostprocessing = 0;
		};
/* End PBXSourcesBuildPhase section */

/* Begin PBXTargetDependency section */
		E98642B8240F089E006E7959 /* PBXTargetDependency */ = {
			isa = PBXTargetDependency;
			target = E986429F240F089C006E7959 /* BeiraDoRio */;
			targetProxy = E98642B7240F089E006E7959 /* PBXContainerItemProxy */;
		};
/* End PBXTargetDependency section */

/* Begin PBXVariantGroup section */
		E98642A9240F089C006E7959 /* Main.storyboard */ = {
			isa = PBXVariantGroup;
			children = (
				E98642AA240F089C006E7959 /* Base */,
			);
			name = Main.storyboard;
			sourceTree = "<group>";
		};
		E98642AE240F089E006E7959 /* LaunchScreen.storyboard */ = {
			isa = PBXVariantGroup;
			children = (
				E98642AF240F089E006E7959 /* Base */,
			);
			name = LaunchScreen.storyboard;
			sourceTree = "<group>";
		};
/* End PBXVariantGroup section */

/* Begin XCBuildConfiguration section */
		E98642BD240F089E006E7959 /* Debug */ = {
			isa = XCBuildConfiguration;
			buildSettings = {
				ALWAYS_SEARCH_USER_PATHS = NO;
				CLANG_ANALYZER_NONNULL = YES;
				CLANG_ANALYZER_NUMBER_OBJECT_CONVERSION = YES_AGGRESSIVE;
				CLANG_CXX_LANGUAGE_STANDARD = "gnu++14";
				CLANG_CXX_LIBRARY = "libc++";
				CLANG_ENABLE_MODULES = YES;
				CLANG_ENABLE_OBJC_ARC = YES;
				CLANG_ENABLE_OBJC_WEAK = YES;
				CLANG_WARN_BLOCK_CAPTURE_AUTORELEASING = YES;
				CLANG_WARN_BOOL_CONVERSION = YES;
				CLANG_WARN_COMMA = YES;
				CLANG_WARN_CONSTANT_CONVERSION = YES;
				CLANG_WARN_DEPRECATED_OBJC_IMPLEMENTATIONS = YES;
				CLANG_WARN_DIRECT_OBJC_ISA_USAGE = YES_ERROR;
				CLANG_WARN_DOCUMENTATION_COMMENTS = YES;
				CLANG_WARN_EMPTY_BODY = YES;
				CLANG_WARN_ENUM_CONVERSION = YES;
				CLANG_WARN_INFINITE_RECURSION = YES;
				CLANG_WARN_INT_CONVERSION = YES;
				CLANG_WARN_NON_LITERAL_NULL_CONVERSION = YES;
				CLANG_WARN_OBJC_IMPLICIT_RETAIN_SELF = YES;
				CLANG_WARN_OBJC_LITERAL_CONVERSION = YES;
				CLANG_WARN_OBJC_ROOT_CLASS = YES_ERROR;
				CLANG_WARN_RANGE_LOOP_ANALYSIS = YES;
				CLANG_WARN_STRICT_PROTOTYPES = YES;
				CLANG_WARN_SUSPICIOUS_MOVE = YES;
				CLANG_WARN_UNGUARDED_AVAILABILITY = YES_AGGRESSIVE;
				CLANG_WARN_UNREACHABLE_CODE = YES;
				CLANG_WARN__DUPLICATE_METHOD_MATCH = YES;
				COPY_PHASE_STRIP = NO;
				DEBUG_INFORMATION_FORMAT = dwarf;
				ENABLE_STRICT_OBJC_MSGSEND = YES;
				ENABLE_TESTABILITY = YES;
				GCC_C_LANGUAGE_STANDARD = gnu11;
				GCC_DYNAMIC_NO_PIC = NO;
				GCC_NO_COMMON_BLOCKS = YES;
				GCC_OPTIMIZATION_LEVEL = 0;
				GCC_PREPROCESSOR_DEFINITIONS = (
					"DEBUG=1",
					"$(inherited)",
				);
				GCC_WARN_64_TO_32_BIT_CONVERSION = YES;
				GCC_WARN_ABOUT_RETURN_TYPE = YES_ERROR;
				GCC_WARN_UNDECLARED_SELECTOR = YES;
				GCC_WARN_UNINITIALIZED_AUTOS = YES_AGGRESSIVE;
				GCC_WARN_UNUSED_FUNCTION = YES;
				GCC_WARN_UNUSED_VARIABLE = YES;
				IPHONEOS_DEPLOYMENT_TARGET = 13.2;
				MTL_ENABLE_DEBUG_INFO = INCLUDE_SOURCE;
				MTL_FAST_MATH = YES;
				ONLY_ACTIVE_ARCH = YES;
				SDKROOT = iphoneos;
				SWIFT_ACTIVE_COMPILATION_CONDITIONS = DEBUG;
				SWIFT_OPTIMIZATION_LEVEL = "-Onone";
			};
			name = Debug;
		};
		E98642BE240F089E006E7959 /* Release */ = {
			isa = XCBuildConfiguration;
			buildSettings = {
				ALWAYS_SEARCH_USER_PATHS = NO;
				CLANG_ANALYZER_NONNULL = YES;
				CLANG_ANALYZER_NUMBER_OBJECT_CONVERSION = YES_AGGRESSIVE;
				CLANG_CXX_LANGUAGE_STANDARD = "gnu++14";
				CLANG_CXX_LIBRARY = "libc++";
				CLANG_ENABLE_MODULES = YES;
				CLANG_ENABLE_OBJC_ARC = YES;
				CLANG_ENABLE_OBJC_WEAK = YES;
				CLANG_WARN_BLOCK_CAPTURE_AUTORELEASING = YES;
				CLANG_WARN_BOOL_CONVERSION = YES;
				CLANG_WARN_COMMA = YES;
				CLANG_WARN_CONSTANT_CONVERSION = YES;
				CLANG_WARN_DEPRECATED_OBJC_IMPLEMENTATIONS = YES;
				CLANG_WARN_DIRECT_OBJC_ISA_USAGE = YES_ERROR;
				CLANG_WARN_DOCUMENTATION_COMMENTS = YES;
				CLANG_WARN_EMPTY_BODY = YES;
				CLANG_WARN_ENUM_CONVERSION = YES;
				CLANG_WARN_INFINITE_RECURSION = YES;
				CLANG_WARN_INT_CONVERSION = YES;
				CLANG_WARN_NON_LITERAL_NULL_CONVERSION = YES;
				CLANG_WARN_OBJC_IMPLICIT_RETAIN_SELF = YES;
				CLANG_WARN_OBJC_LITERAL_CONVERSION = YES;
				CLANG_WARN_OBJC_ROOT_CLASS = YES_ERROR;
				CLANG_WARN_RANGE_LOOP_ANALYSIS = YES;
				CLANG_WARN_STRICT_PROTOTYPES = YES;
				CLANG_WARN_SUSPICIOUS_MOVE = YES;
				CLANG_WARN_UNGUARDED_AVAILABILITY = YES_AGGRESSIVE;
				CLANG_WARN_UNREACHABLE_CODE = YES;
				CLANG_WARN__DUPLICATE_METHOD_MATCH = YES;
				COPY_PHASE_STRIP = NO;
				DEBUG_INFORMATION_FORMAT = "dwarf-with-dsym";
				ENABLE_NS_ASSERTIONS = NO;
				ENABLE_STRICT_OBJC_MSGSEND = YES;
				GCC_C_LANGUAGE_STANDARD = gnu11;
				GCC_NO_COMMON_BLOCKS = YES;
				GCC_WARN_64_TO_32_BIT_CONVERSION = YES;
				GCC_WARN_ABOUT_RETURN_TYPE = YES_ERROR;
				GCC_WARN_UNDECLARED_SELECTOR = YES;
				GCC_WARN_UNINITIALIZED_AUTOS = YES_AGGRESSIVE;
				GCC_WARN_UNUSED_FUNCTION = YES;
				GCC_WARN_UNUSED_VARIABLE = YES;
				IPHONEOS_DEPLOYMENT_TARGET = 13.2;
				MTL_ENABLE_DEBUG_INFO = NO;
				MTL_FAST_MATH = YES;
				SDKROOT = iphoneos;
				SWIFT_COMPILATION_MODE = wholemodule;
				SWIFT_OPTIMIZATION_LEVEL = "-O";
				VALIDATE_PRODUCT = YES;
			};
			name = Release;
		};
		E98642C0240F089E006E7959 /* Debug */ = {
			isa = XCBuildConfiguration;
			buildSettings = {
				ASSETCATALOG_COMPILER_APPICON_NAME = AppIcon;
				CODE_SIGN_STYLE = Automatic;
				DEVELOPMENT_TEAM = 5Y5KPADL48;
				INFOPLIST_FILE = BeiraDoRio/Info.plist;
				LD_RUNPATH_SEARCH_PATHS = (
					"$(inherited)",
					"@executable_path/Frameworks",
				);
				PRODUCT_BUNDLE_IDENTIFIER = br.com.tempest.BeiraDoRio;
				PRODUCT_NAME = "$(TARGET_NAME)";
				SWIFT_VERSION = 5.0;
				TARGETED_DEVICE_FAMILY = "1,2";
			};
			name = Debug;
		};
		E98642C1240F089E006E7959 /* Release */ = {
			isa = XCBuildConfiguration;
			buildSettings = {
				ASSETCATALOG_COMPILER_APPICON_NAME = AppIcon;
				CODE_SIGN_STYLE = Automatic;
				DEVELOPMENT_TEAM = 5Y5KPADL48;
				INFOPLIST_FILE = BeiraDoRio/Info.plist;
				LD_RUNPATH_SEARCH_PATHS = (
					"$(inherited)",
					"@executable_path/Frameworks",
				);
				PRODUCT_BUNDLE_IDENTIFIER = br.com.tempest.BeiraDoRio;
				PRODUCT_NAME = "$(TARGET_NAME)";
				SWIFT_VERSION = 5.0;
				TARGETED_DEVICE_FAMILY = "1,2";
			};
			name = Release;
		};
		E98642C3240F089E006E7959 /* Debug */ = {
			isa = XCBuildConfiguration;
			buildSettings = {
				ALWAYS_EMBED_SWIFT_STANDARD_LIBRARIES = YES;
				BUNDLE_LOADER = "$(TEST_HOST)";
				CLANG_ENABLE_MODULES = YES;
				CODE_SIGN_STYLE = Automatic;
				DEVELOPMENT_TEAM = 5Y5KPADL48;
				INFOPLIST_FILE = BeiraDoRioTests/Info.plist;
				IPHONEOS_DEPLOYMENT_TARGET = 13.2;
				LD_RUNPATH_SEARCH_PATHS = (
					"$(inherited)",
					"@executable_path/Frameworks",
					"@loader_path/Frameworks",
				);
				PRODUCT_BUNDLE_IDENTIFIER = br.com.tempest.BeiraDoRioTests;
				PRODUCT_NAME = "$(TARGET_NAME)";
				SWIFT_OPTIMIZATION_LEVEL = "-Onone";
				SWIFT_VERSION = 5.0;
				TARGETED_DEVICE_FAMILY = "1,2";
				TEST_HOST = "$(BUILT_PRODUCTS_DIR)/BeiraDoRio.app/BeiraDoRio";
			};
			name = Debug;
		};
		E98642C4240F089E006E7959 /* Release */ = {
			isa = XCBuildConfiguration;
			buildSettings = {
				ALWAYS_EMBED_SWIFT_STANDARD_LIBRARIES = YES;
				BUNDLE_LOADER = "$(TEST_HOST)";
				CLANG_ENABLE_MODULES = YES;
				CODE_SIGN_STYLE = Automatic;
				DEVELOPMENT_TEAM = 5Y5KPADL48;
				INFOPLIST_FILE = BeiraDoRioTests/Info.plist;
				IPHONEOS_DEPLOYMENT_TARGET = 13.2;
				LD_RUNPATH_SEARCH_PATHS = (
					"$(inherited)",
					"@executable_path/Frameworks",
					"@loader_path/Frameworks",
				);
				PRODUCT_BUNDLE_IDENTIFIER = br.com.tempest.BeiraDoRioTests;
				PRODUCT_NAME = "$(TARGET_NAME)";
				SWIFT_VERSION = 5.0;
				TARGETED_DEVICE_FAMILY = "1,2";
				TEST_HOST = "$(BUILT_PRODUCTS_DIR)/BeiraDoRio.app/BeiraDoRio";
			};
			name = Release;
		};
/* End XCBuildConfiguration section */

/* Begin XCConfigurationList section */
		E986429B240F089C006E7959 /* Build configuration list for PBXProject "BeiraDoRio" */ = {
			isa = XCConfigurationList;
			buildConfigurations = (
				E98642BD240F089E006E7959 /* Debug */,
				E98642BE240F089E006E7959 /* Release */,
			);
			defaultConfigurationIsVisible = 0;
			defaultConfigurationName = Release;
		};
		E98642BF240F089E006E7959 /* Build configuration list for PBXNativeTarget "BeiraDoRio" */ = {
			isa = XCConfigurationList;
			buildConfigurations = (
				E98642C0240F089E006E7959 /* Debug */,
				E98642C1240F089E006E7959 /* Release */,
			);
			defaultConfigurationIsVisible = 0;
			defaultConfigurationName = Release;
		};
		E98642C2240F089E006E7959 /* Build configuration list for PBXNativeTarget "BeiraDoRioTests" */ = {
			isa = XCConfigurationList;
			buildConfigurations = (
				E98642C3240F089E006E7959 /* Debug */,
				E98642C4240F089E006E7959 /* Release */,
			);
			defaultConfigurationIsVisible = 0;
			defaultConfigurationName = Release;
		};
/* End XCConfigurationList section */
	};
	rootObject = E9864298240F089C006E7959 /* Project object */;
}
